
Microsoft Visual Studio Solution File, Format Version 12.00
# Visual Studio Version 17
VisualStudioVersion = 17.8.34309.116
MinimumVisualStudioVersion = 10.0.40219.1
Project("{FAE04EC0-301F-11D3-BF4B-00C04F79EFBC}") = "DZ_WPF_27_11_TreeView", "DZ_WPF_27_11_TreeView\DZ_WPF_27_11_TreeView.csproj", "{5E763967-A00A-4EFF-A7B3-DD161138DA4E}"
EndProject
Global
	GlobalSection(SolutionConfigurationPlatforms) = preSolution
		Debug|Any CPU = Debug|Any CPU
		Release|Any CPU = Release|Any CPU
	EndGlobalSection
	GlobalSection(ProjectConfigurationPlatforms) = postSolution
		{5E763967-A00A-4EFF-A7B3-DD161138DA4E}.Debug|Any CPU.ActiveCfg = Debug|Any CPU
		{5E763967-A00A-4EFF-A7B3-DD161138DA4E}.Debug|Any CPU.Build.0 = Debug|Any CPU
		{5E763967-A00A-4EFF-A7B3-DD161138DA4E}.Release|Any CPU.ActiveCfg = Release|Any CPU
		{5E763967-A00A-4EFF-A7B3-DD161138DA4E}.Release|Any CPU.Build.0 = Release|Any CPU
	EndGlobalSection
	GlobalSection(SolutionProperties) = preSolution
		HideSolutionNode = FALSE
	EndGlobalSection
	GlobalSection(ExtensibilityGlobals) = postSolution
		SolutionGuid = {D4793938-5D16-4E5D-8694-9B274B67394F}
	EndGlobalSection
EndGlobal
